
Microsoft Visual Studio Solution File, Format Version 12.00
# Visual Studio Version 16
VisualStudioVersion = 16.0.31019.35
MinimumVisualStudioVersion = 10.0.40219.1
Project("{FAE04EC0-301F-11D3-BF4B-00C04F79EFBC}") = "Aspire-RS-FileExchangeTest", "Aspire-RS-FileExchangeTest\Aspire-RS-FileExchangeTest.csproj", "{7DED5D80-D174-4065-9A01-79D570A5927F}"
EndProject
Global
	GlobalSection(SolutionConfigurationPlatforms) = preSolution
		Debug|Any CPU = Debug|Any CPU
		Release|Any CPU = Release|Any CPU
	EndGlobalSection
	GlobalSection(ProjectConfigurationPlatforms) = postSolution
		{7DED5D80-D174-4065-9A01-79D570A5927F}.Debug|Any CPU.ActiveCfg = Debug|Any CPU
		{7DED5D80-D174-4065-9A01-79D570A5927F}.Debug|Any CPU.Build.0 = Debug|Any CPU
		{7DED5D80-D174-4065-9A01-79D570A5927F}.Release|Any CPU.ActiveCfg = Release|Any CPU
		{7DED5D80-D174-4065-9A01-79D570A5927F}.Release|Any CPU.Build.0 = Release|Any CPU
	EndGlobalSection
	GlobalSection(SolutionProperties) = preSolution
		HideSolutionNode = FALSE
	EndGlobalSection
	GlobalSection(ExtensibilityGlobals) = postSolution
		SolutionGuid = {CEAC87DA-112F-4B26-BC8E-EE5578AF327D}
	EndGlobalSection
EndGlobal
